
Microsoft Visual Studio Solution File, Format Version 12.00
Project("{FAE04EC0-301F-11D3-BF4B-00C04F79EFBC}") = "Kvit", "Kvit\Kvit.csproj", "{54F525A7-428E-43BC-B194-A8CFFA3E0089}"
EndProject
Global
	GlobalSection(SolutionConfigurationPlatforms) = preSolution
		Debug|Any CPU = Debug|Any CPU
		Release|Any CPU = Release|Any CPU
	EndGlobalSection
	GlobalSection(ProjectConfigurationPlatforms) = postSolution
		{54F525A7-428E-43BC-B194-A8CFFA3E0089}.Debug|Any CPU.ActiveCfg = Debug|Any CPU
		{54F525A7-428E-43BC-B194-A8CFFA3E0089}.Debug|Any CPU.Build.0 = Debug|Any CPU
		{54F525A7-428E-43BC-B194-A8CFFA3E0089}.Release|Any CPU.ActiveCfg = Release|Any CPU
		{54F525A7-428E-43BC-B194-A8CFFA3E0089}.Release|Any CPU.Build.0 = Release|Any CPU
	EndGlobalSection
EndGlobal
